Microsoft Visual Studio Solution File, Format Version 12.00
# Visual Studio Version 17
VisualStudioVersion = 17.0.31903.59
MinimumVisualStudioVersion = 10.0.40219.1
Project("{FAE04EC0-301F-11D3-BF4B-00C04F79EFBC}") = "DartsScorer.Main", "DartsScorer.Main\DartsScorer.Main.csproj", "{861892C6-7D48-4C8D-9BB0-99CC02C17B1A}"
EndProject
Project("{2150E333-8FDC-42A3-9474-1A3956D46DE8}") = "tests", "tests", "{C1A976F9-4077-4614-983F-3BA5F45797BF}"
EndProject
Project("{FAE04EC0-301F-11D3-BF4B-00C04F79EFBC}") = "DartsScorer.Tests", "tests\DartsScorer.Tests\DartsScorer.Tests.csproj", "{28FA097D-1772-4EE3-AC51-07F3DC9D0C05}"
EndProject
Project("{FAE04EC0-301F-11D3-BF4B-00C04F79EFBC}") = "DartsScore.RoundTheBoard", "tests\DartsScore.RoundTheBoard\DartsScore.RoundTheBoard.csproj", "{BB1B1D0B-E7BE-4418-8233-E92F7187E303}"
EndProject
Project("{FAE04EC0-301F-11D3-BF4B-00C04F79EFBC}") = "DartsScorer.Killer", "DartsScorer.Killer\DartsScorer.Killer.csproj", "{ED8228D4-0E5D-45F4-BAAA-2C3487C4E9A0}"
EndProject
Project("{FAE04EC0-301F-11D3-BF4B-00C04F79EFBC}") = "DartsScorer.x01", "DartsScorer.x01\DartsScorer.x01.csproj", "{F0AA1A6B-BD11-4C4B-91FF-C04A922AF0C8}"
EndProject
Global
	GlobalSection(SolutionConfigurationPlatforms) = preSolution
		Debug|Any CPU = Debug|Any CPU
		Release|Any CPU = Release|Any CPU
	EndGlobalSection
	GlobalSection(SolutionProperties) = preSolution
		HideSolutionNode = FALSE
	EndGlobalSection
	GlobalSection(ProjectConfigurationPlatforms) = postSolution
		{861892C6-7D48-4C8D-9BB0-99CC02C17B1A}.Debug|Any CPU.ActiveCfg = Debug|Any CPU
		{861892C6-7D48-4C8D-9BB0-99CC02C17B1A}.Debug|Any CPU.Build.0 = Debug|Any CPU
		{861892C6-7D48-4C8D-9BB0-99CC02C17B1A}.Release|Any CPU.ActiveCfg = Release|Any CPU
		{861892C6-7D48-4C8D-9BB0-99CC02C17B1A}.Release|Any CPU.Build.0 = Release|Any CPU
		{28FA097D-1772-4EE3-AC51-07F3DC9D0C05}.Debug|Any CPU.ActiveCfg = Debug|Any CPU
		{28FA097D-1772-4EE3-AC51-07F3DC9D0C05}.Debug|Any CPU.Build.0 = Debug|Any CPU
		{28FA097D-1772-4EE3-AC51-07F3DC9D0C05}.Release|Any CPU.ActiveCfg = Release|Any CPU
		{28FA097D-1772-4EE3-AC51-07F3DC9D0C05}.Release|Any CPU.Build.0 = Release|Any CPU
		{BB1B1D0B-E7BE-4418-8233-E92F7187E303}.Debug|Any CPU.ActiveCfg = Debug|Any CPU
		{BB1B1D0B-E7BE-4418-8233-E92F7187E303}.Debug|Any CPU.Build.0 = Debug|Any CPU
		{BB1B1D0B-E7BE-4418-8233-E92F7187E303}.Release|Any CPU.ActiveCfg = Release|Any CPU
		{BB1B1D0B-E7BE-4418-8233-E92F7187E303}.Release|Any CPU.Build.0 = Release|Any CPU
		{ED8228D4-0E5D-45F4-BAAA-2C3487C4E9A0}.Debug|Any CPU.ActiveCfg = Debug|Any CPU
		{ED8228D4-0E5D-45F4-BAAA-2C3487C4E9A0}.Debug|Any CPU.Build.0 = Debug|Any CPU
		{ED8228D4-0E5D-45F4-BAAA-2C3487C4E9A0}.Release|Any CPU.ActiveCfg = Release|Any CPU
		{ED8228D4-0E5D-45F4-BAAA-2C3487C4E9A0}.Release|Any CPU.Build.0 = Release|Any CPU
		{F0AA1A6B-BD11-4C4B-91FF-C04A922AF0C8}.Debug|Any CPU.ActiveCfg = Debug|Any CPU
		{F0AA1A6B-BD11-4C4B-91FF-C04A922AF0C8}.Debug|Any CPU.Build.0 = Debug|Any CPU
		{F0AA1A6B-BD11-4C4B-91FF-C04A922AF0C8}.Release|Any CPU.ActiveCfg = Release|Any CPU
		{F0AA1A6B-BD11-4C4B-91FF-C04A922AF0C8}.Release|Any CPU.Build.0 = Release|Any CPU
	EndGlobalSection
	GlobalSection(NestedProjects) = preSolution
		{28FA097D-1772-4EE3-AC51-07F3DC9D0C05} = {C1A976F9-4077-4614-983F-3BA5F45797BF}
		{BB1B1D0B-E7BE-4418-8233-E92F7187E303} = {C1A976F9-4077-4614-983F-3BA5F45797BF}
		{ED8228D4-0E5D-45F4-BAAA-2C3487C4E9A0} = {C1A976F9-4077-4614-983F-3BA5F45797BF}
		{F0AA1A6B-BD11-4C4B-91FF-C04A922AF0C8} = {C1A976F9-4077-4614-983F-3BA5F45797BF}
	EndGlobalSection
EndGlobal
