Microsoft Visual Studio Solution File, Format Version 12.00
# Visual Studio Version 16
VisualStudioVersion = 16.0.29920.165
MinimumVisualStudioVersion = 15.0.26124.0

Project("{D954291E-2A0B-460D-934E-DC6B0785DB48}") = "DartsScorer.Checkout.Shared", "DartsScorer.Checkout.Shared\DartsScorer.Checkout.Shared.shproj", "{6279C845-92F8-4333-AB99-3D213163593C}"
EndProject

Project("{FAE04EC0-301F-11D3-BF4B-00C04F79EFBC}") = "DartsScorer.Checkout.Mobile", "DartsScorer.Checkout.Mobile\DartsScorer.Checkout.Mobile.csproj", "{84303CEE-A34F-4DF1-8B81-6C199B8798C3}"
EndProject

Project("{FAE04EC0-301F-11D3-BF4B-00C04F79EFBC}") = "DartsScorer.Checkout.Uwp", "DartsScorer.Checkout.UWP\DartsScorer.Checkout.Uwp.csproj", "{72E3625A-3B83-4F4D-88BE-DFD44D312360}"
EndProject

Project("{9A19103F-16F7-4668-BE54-9A1E7A4F7556}") = "DartsScorer.Checkout.Wasm", "DartsScorer.Checkout.Wasm\DartsScorer.Checkout.Wasm.csproj", "{40EA03F7-8A22-4143-B251-79BAC3EB13D2}"
EndProject

Project("{9A19103F-16F7-4668-BE54-9A1E7A4F7556}") = "DartsScorer.Checkout.Skia.Gtk", "DartsScorer.Checkout.Skia.Gtk\DartsScorer.Checkout.Skia.Gtk.csproj", "{A5B8155A-118F-4794-B551-C6F3CF7E5411}"
EndProject

Project("{9A19103F-16F7-4668-BE54-9A1E7A4F7556}") = "DartsScorer.Checkout.Skia.WPF", "DartsScorer.Checkout.Skia.WPF\DartsScorer.Checkout.Skia.WPF.csproj", "{850A40E2-F1BE-471F-8FAD-1AF669F77412}"
EndProject

Project("{9A19103F-16F7-4668-BE54-9A1E7A4F7556}") = "DartsScorer.Checkout.Skia.Linux.FrameBuffer", "DartsScorer.Checkout.Skia.Linux.FrameBuffer\DartsScorer.Checkout.Skia.Linux.FrameBuffer.csproj", "{761D821E-9905-4444-9ADF-76C995FE5427}"
EndProject

Global
	GlobalSection(SharedMSBuildProjectFiles) = preSolution
		DartsScorer.Checkout.Shared\DartsScorer.Checkout.Shared.projitems*{84303CEE-A34F-4DF1-8B81-6C199B8798C3}*SharedItemsImports = 4
		DartsScorer.Checkout.Shared\DartsScorer.Checkout.Shared.projitems*{850A40E2-F1BE-471F-8FAD-1AF669F77412}*SharedItemsImports = 5
		DartsScorer.Checkout.Shared\DartsScorer.Checkout.Shared.projitems*{A408344E-EB47-47E7-ACBE-02C35017BFEB}*SharedItemsImports = 4
		DartsScorer.Checkout.Shared\DartsScorer.Checkout.Shared.projitems*{40ea03f7-8a22-4143-b251-79bac3eb13d2}*SharedItemsImports = 5
		DartsScorer.Checkout.Shared\DartsScorer.Checkout.Shared.projitems*{a5b8155a-118f-4794-b551-c6f3cf7e5411}*SharedItemsImports = 5
		DartsScorer.Checkout.Shared\DartsScorer.Checkout.Shared.projitems*{DE83D25E-BCE2-4431-A07C-FADADCA2C136}*SharedItemsImports = 4
		DartsScorer.Checkout.Shared\DartsScorer.Checkout.Shared.projitems*{6279c845-92f8-4333-ab99-3d213163593c}*SharedItemsImports = 13
		DartsScorer.Checkout.Shared\DartsScorer.Checkout.Shared.projitems*{72E3625A-3B83-4F4D-88BE-DFD44D312360}*SharedItemsImports = 4
	EndGlobalSection
	GlobalSection(SolutionConfigurationPlatforms) = preSolution
		Debug|Any CPU = Debug|Any CPU
		Debug|ARM = Debug|ARM
		Debug|ARM64 = Debug|ARM64
		Debug|iPhone = Debug|iPhone
		Debug|iPhoneSimulator = Debug|iPhoneSimulator
		Debug|x64 = Debug|x64
		Debug|x86 = Debug|x86
		Release|Any CPU = Release|Any CPU
		Release|ARM = Release|ARM
		Release|ARM64 = Release|ARM64
		Release|iPhone = Release|iPhone
		Release|iPhoneSimulator = Release|iPhoneSimulator
		Release|x64 = Release|x64
		Release|x86 = Release|x86
	EndGlobalSection
	GlobalSection(ProjectConfigurationPlatforms) = postSolution
		{84303CEE-A34F-4DF1-8B81-6C199B8798C3}.Debug|Any CPU.ActiveCfg = Debug|Any CPU
		{84303CEE-A34F-4DF1-8B81-6C199B8798C3}.Debug|Any CPU.Build.0 = Debug|Any CPU
		{84303CEE-A34F-4DF1-8B81-6C199B8798C3}.Debug|Any CPU.Deploy.0 = Debug|Any CPU
		{84303CEE-A34F-4DF1-8B81-6C199B8798C3}.Debug|ARM.ActiveCfg = Debug|Any CPU
		{84303CEE-A34F-4DF1-8B81-6C199B8798C3}.Debug|ARM.Build.0 = Debug|Any CPU
		{84303CEE-A34F-4DF1-8B81-6C199B8798C3}.Debug|ARM.Deploy.0 = Debug|Any CPU
		{84303CEE-A34F-4DF1-8B81-6C199B8798C3}.Debug|ARM64.ActiveCfg = Debug|Any CPU
		{84303CEE-A34F-4DF1-8B81-6C199B8798C3}.Debug|ARM64.Build.0 = Debug|Any CPU
		{84303CEE-A34F-4DF1-8B81-6C199B8798C3}.Debug|ARM64.Deploy.0 = Debug|Any CPU
		{84303CEE-A34F-4DF1-8B81-6C199B8798C3}.Debug|iPhone.ActiveCfg = Debug|Any CPU
		{84303CEE-A34F-4DF1-8B81-6C199B8798C3}.Debug|iPhone.Build.0 = Debug|Any CPU
		{84303CEE-A34F-4DF1-8B81-6C199B8798C3}.Debug|iPhone.Deploy.0 = Debug|Any CPU
		{84303CEE-A34F-4DF1-8B81-6C199B8798C3}.Debug|iPhoneSimulator.ActiveCfg = Debug|Any CPU
		{84303CEE-A34F-4DF1-8B81-6C199B8798C3}.Debug|iPhoneSimulator.Build.0 = Debug|Any CPU
		{84303CEE-A34F-4DF1-8B81-6C199B8798C3}.Debug|iPhoneSimulator.Deploy.0 = Debug|Any CPU
		{84303CEE-A34F-4DF1-8B81-6C199B8798C3}.Debug|x64.ActiveCfg = Debug|Any CPU
		{84303CEE-A34F-4DF1-8B81-6C199B8798C3}.Debug|x64.Build.0 = Debug|Any CPU
		{84303CEE-A34F-4DF1-8B81-6C199B8798C3}.Debug|x64.Deploy.0 = Debug|Any CPU
		{84303CEE-A34F-4DF1-8B81-6C199B8798C3}.Debug|x86.ActiveCfg = Debug|Any CPU
		{84303CEE-A34F-4DF1-8B81-6C199B8798C3}.Debug|x86.Build.0 = Debug|Any CPU
		{84303CEE-A34F-4DF1-8B81-6C199B8798C3}.Debug|x86.Deploy.0 = Debug|Any CPU

		{84303CEE-A34F-4DF1-8B81-6C199B8798C3}.Release|Any CPU.ActiveCfg = Release|Any CPU
		{84303CEE-A34F-4DF1-8B81-6C199B8798C3}.Release|Any CPU.Build.0 = Release|Any CPU
		{84303CEE-A34F-4DF1-8B81-6C199B8798C3}.Release|Any CPU.Deploy.0 = Release|Any CPU
		{84303CEE-A34F-4DF1-8B81-6C199B8798C3}.Release|ARM.ActiveCfg = Release|Any CPU
		{84303CEE-A34F-4DF1-8B81-6C199B8798C3}.Release|ARM.Build.0 = Release|Any CPU
		{84303CEE-A34F-4DF1-8B81-6C199B8798C3}.Release|ARM.Deploy.0 = Release|Any CPU
		{84303CEE-A34F-4DF1-8B81-6C199B8798C3}.Release|ARM64.ActiveCfg = Release|Any CPU
		{84303CEE-A34F-4DF1-8B81-6C199B8798C3}.Release|ARM64.Build.0 = Release|Any CPU
		{84303CEE-A34F-4DF1-8B81-6C199B8798C3}.Release|ARM64.Deploy.0 = Release|Any CPU
		{84303CEE-A34F-4DF1-8B81-6C199B8798C3}.Release|iPhone.ActiveCfg = Release|Any CPU
		{84303CEE-A34F-4DF1-8B81-6C199B8798C3}.Release|iPhone.Build.0 = Release|Any CPU
		{84303CEE-A34F-4DF1-8B81-6C199B8798C3}.Release|iPhone.Deploy.0 = Release|Any CPU
		{84303CEE-A34F-4DF1-8B81-6C199B8798C3}.Release|iPhoneSimulator.ActiveCfg = Release|Any CPU
		{84303CEE-A34F-4DF1-8B81-6C199B8798C3}.Release|iPhoneSimulator.Build.0 = Release|Any CPU
		{84303CEE-A34F-4DF1-8B81-6C199B8798C3}.Release|iPhoneSimulator.Deploy.0 = Release|Any CPU
		{84303CEE-A34F-4DF1-8B81-6C199B8798C3}.Release|x64.ActiveCfg = Release|Any CPU
		{84303CEE-A34F-4DF1-8B81-6C199B8798C3}.Release|x64.Build.0 = Release|Any CPU
		{84303CEE-A34F-4DF1-8B81-6C199B8798C3}.Release|x64.Deploy.0 = Release|Any CPU
		{84303CEE-A34F-4DF1-8B81-6C199B8798C3}.Release|x86.ActiveCfg = Release|Any CPU
		{84303CEE-A34F-4DF1-8B81-6C199B8798C3}.Release|x86.Build.0 = Release|Any CPU
		{84303CEE-A34F-4DF1-8B81-6C199B8798C3}.Release|x86.Deploy.0 = Release|Any CPU
		{DE83D25E-BCE2-4431-A07C-FADADCA2C136}.Debug|Any CPU.ActiveCfg = Debug|iPhone
		{DE83D25E-BCE2-4431-A07C-FADADCA2C136}.Debug|Any CPU.Build.0 = Debug|iPhone
		{DE83D25E-BCE2-4431-A07C-FADADCA2C136}.Debug|Any CPU.Deploy.0 = Debug|iPhone
		{DE83D25E-BCE2-4431-A07C-FADADCA2C136}.Debug|ARM.ActiveCfg = Debug|iPhone
		{DE83D25E-BCE2-4431-A07C-FADADCA2C136}.Debug|ARM64.ActiveCfg = Debug|iPhone
		{DE83D25E-BCE2-4431-A07C-FADADCA2C136}.Debug|iPhone.ActiveCfg = Debug|iPhone
		{DE83D25E-BCE2-4431-A07C-FADADCA2C136}.Debug|iPhone.Build.0 = Debug|iPhone
		{DE83D25E-BCE2-4431-A07C-FADADCA2C136}.Debug|iPhoneSimulator.ActiveCfg = Debug|iPhoneSimulator
		{DE83D25E-BCE2-4431-A07C-FADADCA2C136}.Debug|iPhoneSimulator.Build.0 = Debug|iPhoneSimulator
		{DE83D25E-BCE2-4431-A07C-FADADCA2C136}.Debug|x64.ActiveCfg = Debug|iPhone
		{DE83D25E-BCE2-4431-A07C-FADADCA2C136}.Debug|x64.Build.0 = Debug|iPhone
		{DE83D25E-BCE2-4431-A07C-FADADCA2C136}.Debug|x64.Deploy.0 = Debug|iPhone
		{DE83D25E-BCE2-4431-A07C-FADADCA2C136}.Debug|x86.ActiveCfg = Debug|iPhoneSimulator
		{DE83D25E-BCE2-4431-A07C-FADADCA2C136}.Debug|x86.Build.0 = Debug|iPhoneSimulator
		{DE83D25E-BCE2-4431-A07C-FADADCA2C136}.Debug|x86.Deploy.0 = Debug|iPhoneSimulator
		{DE83D25E-BCE2-4431-A07C-FADADCA2C136}.Release|Any CPU.ActiveCfg = Release|iPhone
		{DE83D25E-BCE2-4431-A07C-FADADCA2C136}.Release|ARM.ActiveCfg = Release|iPhone
		{DE83D25E-BCE2-4431-A07C-FADADCA2C136}.Release|ARM64.ActiveCfg = Release|iPhone
		{DE83D25E-BCE2-4431-A07C-FADADCA2C136}.Release|iPhone.ActiveCfg = Release|iPhone
		{DE83D25E-BCE2-4431-A07C-FADADCA2C136}.Release|iPhone.Build.0 = Release|iPhone
		{DE83D25E-BCE2-4431-A07C-FADADCA2C136}.Release|iPhoneSimulator.ActiveCfg = Release|iPhoneSimulator
		{DE83D25E-BCE2-4431-A07C-FADADCA2C136}.Release|iPhoneSimulator.Build.0 = Release|iPhoneSimulator
		{DE83D25E-BCE2-4431-A07C-FADADCA2C136}.Release|x64.ActiveCfg = Release|iPhoneSimulator
		{DE83D25E-BCE2-4431-A07C-FADADCA2C136}.Release|x64.Build.0 = Release|iPhoneSimulator
		{DE83D25E-BCE2-4431-A07C-FADADCA2C136}.Release|x64.Deploy.0 = Release|iPhoneSimulator
		{DE83D25E-BCE2-4431-A07C-FADADCA2C136}.Release|x86.ActiveCfg = Release|iPhoneSimulator
		{DE83D25E-BCE2-4431-A07C-FADADCA2C136}.Release|x86.Build.0 = Release|iPhoneSimulator

		{72E3625A-3B83-4F4D-88BE-DFD44D312360}.Debug|Any CPU.ActiveCfg = Debug|x86
		{72E3625A-3B83-4F4D-88BE-DFD44D312360}.Debug|Any CPU.Build.0 = Debug|x86
		{72E3625A-3B83-4F4D-88BE-DFD44D312360}.Debug|Any CPU.Deploy.0 = Debug|x86
		{72E3625A-3B83-4F4D-88BE-DFD44D312360}.Debug|ARM.ActiveCfg = Debug|ARM
		{72E3625A-3B83-4F4D-88BE-DFD44D312360}.Debug|ARM.Build.0 = Debug|ARM
		{72E3625A-3B83-4F4D-88BE-DFD44D312360}.Debug|ARM.Deploy.0 = Debug|ARM
		{72E3625A-3B83-4F4D-88BE-DFD44D312360}.Debug|ARM64.ActiveCfg = Debug|ARM64
		{72E3625A-3B83-4F4D-88BE-DFD44D312360}.Debug|ARM64.Build.0 = Debug|ARM64
		{72E3625A-3B83-4F4D-88BE-DFD44D312360}.Debug|ARM64.Deploy.0 = Debug|ARM64
		{72E3625A-3B83-4F4D-88BE-DFD44D312360}.Debug|iPhone.ActiveCfg = Debug|x86
		{72E3625A-3B83-4F4D-88BE-DFD44D312360}.Debug|iPhone.Build.0 = Debug|x86
		{72E3625A-3B83-4F4D-88BE-DFD44D312360}.Debug|iPhone.Deploy.0 = Debug|x86
		{72E3625A-3B83-4F4D-88BE-DFD44D312360}.Debug|iPhoneSimulator.ActiveCfg = Debug|x86
		{72E3625A-3B83-4F4D-88BE-DFD44D312360}.Debug|iPhoneSimulator.Build.0 = Debug|x86
		{72E3625A-3B83-4F4D-88BE-DFD44D312360}.Debug|iPhoneSimulator.Deploy.0 = Debug|x86
		{72E3625A-3B83-4F4D-88BE-DFD44D312360}.Debug|x64.ActiveCfg = Debug|x64
		{72E3625A-3B83-4F4D-88BE-DFD44D312360}.Debug|x64.Build.0 = Debug|x64
		{72E3625A-3B83-4F4D-88BE-DFD44D312360}.Debug|x64.Deploy.0 = Debug|x64
		{72E3625A-3B83-4F4D-88BE-DFD44D312360}.Debug|x86.ActiveCfg = Debug|x86
		{72E3625A-3B83-4F4D-88BE-DFD44D312360}.Debug|x86.Build.0 = Debug|x86
		{72E3625A-3B83-4F4D-88BE-DFD44D312360}.Debug|x86.Deploy.0 = Debug|x86
		{72E3625A-3B83-4F4D-88BE-DFD44D312360}.Release|Any CPU.ActiveCfg = Release|x86
		{72E3625A-3B83-4F4D-88BE-DFD44D312360}.Release|ARM.ActiveCfg = Release|ARM
		{72E3625A-3B83-4F4D-88BE-DFD44D312360}.Release|ARM.Build.0 = Release|ARM
		{72E3625A-3B83-4F4D-88BE-DFD44D312360}.Release|ARM.Deploy.0 = Release|ARM
		{72E3625A-3B83-4F4D-88BE-DFD44D312360}.Release|ARM64.ActiveCfg = Release|ARM64
		{72E3625A-3B83-4F4D-88BE-DFD44D312360}.Release|ARM64.Build.0 = Release|ARM64
		{72E3625A-3B83-4F4D-88BE-DFD44D312360}.Release|ARM64.Deploy.0 = Release|ARM64
		{72E3625A-3B83-4F4D-88BE-DFD44D312360}.Release|iPhone.ActiveCfg = Release|x86
		{72E3625A-3B83-4F4D-88BE-DFD44D312360}.Release|iPhone.Build.0 = Release|x86
		{72E3625A-3B83-4F4D-88BE-DFD44D312360}.Release|iPhoneSimulator.ActiveCfg = Release|x86
		{72E3625A-3B83-4F4D-88BE-DFD44D312360}.Release|iPhoneSimulator.Build.0 = Release|x86
		{72E3625A-3B83-4F4D-88BE-DFD44D312360}.Release|iPhoneSimulator.Deploy.0 = Release|x86
		{72E3625A-3B83-4F4D-88BE-DFD44D312360}.Release|x64.ActiveCfg = Release|x64
		{72E3625A-3B83-4F4D-88BE-DFD44D312360}.Release|x64.Build.0 = Release|x64
		{72E3625A-3B83-4F4D-88BE-DFD44D312360}.Release|x64.Deploy.0 = Release|x64
		{72E3625A-3B83-4F4D-88BE-DFD44D312360}.Release|x86.ActiveCfg = Release|x86
		{72E3625A-3B83-4F4D-88BE-DFD44D312360}.Release|x86.Build.0 = Release|x86
		{72E3625A-3B83-4F4D-88BE-DFD44D312360}.Release|x86.Deploy.0 = Release|x86

		{850A40E2-F1BE-471F-8FAD-1AF669F77412}.Debug|Any CPU.ActiveCfg = Debug|Any CPU
		{850A40E2-F1BE-471F-8FAD-1AF669F77412}.Debug|Any CPU.Build.0 = Debug|Any CPU
		{850A40E2-F1BE-471F-8FAD-1AF669F77412}.Debug|Any CPU.Deploy.0 = Debug|Any CPU
		{850A40E2-F1BE-471F-8FAD-1AF669F77412}.Debug|ARM.ActiveCfg = Debug|Any CPU
		{850A40E2-F1BE-471F-8FAD-1AF669F77412}.Debug|ARM.Build.0 = Debug|Any CPU
		{850A40E2-F1BE-471F-8FAD-1AF669F77412}.Debug|ARM.Deploy.0 = Debug|Any CPU
		{850A40E2-F1BE-471F-8FAD-1AF669F77412}.Debug|ARM64.ActiveCfg = Debug|Any CPU
		{850A40E2-F1BE-471F-8FAD-1AF669F77412}.Debug|ARM64.Build.0 = Debug|Any CPU
		{850A40E2-F1BE-471F-8FAD-1AF669F77412}.Debug|ARM64.Deploy.0 = Debug|Any CPU
		{850A40E2-F1BE-471F-8FAD-1AF669F77412}.Debug|iPhone.ActiveCfg = Debug|Any CPU
		{850A40E2-F1BE-471F-8FAD-1AF669F77412}.Debug|iPhone.Build.0 = Debug|Any CPU
		{850A40E2-F1BE-471F-8FAD-1AF669F77412}.Debug|iPhone.Deploy.0 = Debug|Any CPU
		{850A40E2-F1BE-471F-8FAD-1AF669F77412}.Debug|iPhoneSimulator.ActiveCfg = Debug|Any CPU
		{850A40E2-F1BE-471F-8FAD-1AF669F77412}.Debug|iPhoneSimulator.Build.0 = Debug|Any CPU
		{850A40E2-F1BE-471F-8FAD-1AF669F77412}.Debug|iPhoneSimulator.Deploy.0 = Debug|Any CPU
		{850A40E2-F1BE-471F-8FAD-1AF669F77412}.Debug|x64.ActiveCfg = Debug|Any CPU
		{850A40E2-F1BE-471F-8FAD-1AF669F77412}.Debug|x64.Build.0 = Debug|Any CPU
		{850A40E2-F1BE-471F-8FAD-1AF669F77412}.Debug|x64.Deploy.0 = Debug|Any CPU
		{850A40E2-F1BE-471F-8FAD-1AF669F77412}.Debug|x86.ActiveCfg = Debug|Any CPU
		{850A40E2-F1BE-471F-8FAD-1AF669F77412}.Debug|x86.Build.0 = Debug|Any CPU
		{850A40E2-F1BE-471F-8FAD-1AF669F77412}.Debug|x86.Deploy.0 = Debug|Any CPU
		{850A40E2-F1BE-471F-8FAD-1AF669F77412}.Release|Any CPU.ActiveCfg = Release|Any CPU
		{850A40E2-F1BE-471F-8FAD-1AF669F77412}.Release|Any CPU.Build.0 = Release|Any CPU
		{850A40E2-F1BE-471F-8FAD-1AF669F77412}.Release|ARM.ActiveCfg = Release|Any CPU
		{850A40E2-F1BE-471F-8FAD-1AF669F77412}.Release|ARM.Build.0 = Release|Any CPU
		{850A40E2-F1BE-471F-8FAD-1AF669F77412}.Release|ARM.Deploy.0 = Release|Any CPU
		{850A40E2-F1BE-471F-8FAD-1AF669F77412}.Release|ARM64.ActiveCfg = Release|Any CPU
		{850A40E2-F1BE-471F-8FAD-1AF669F77412}.Release|ARM64.Build.0 = Release|Any CPU
		{850A40E2-F1BE-471F-8FAD-1AF669F77412}.Release|ARM64.Deploy.0 = Release|Any CPU
		{850A40E2-F1BE-471F-8FAD-1AF669F77412}.Release|iPhone.ActiveCfg = Release|Any CPU
		{850A40E2-F1BE-471F-8FAD-1AF669F77412}.Release|iPhone.Build.0 = Release|Any CPU
		{850A40E2-F1BE-471F-8FAD-1AF669F77412}.Release|iPhoneSimulator.ActiveCfg = Release|Any CPU
		{850A40E2-F1BE-471F-8FAD-1AF669F77412}.Release|iPhoneSimulator.Build.0 = Release|Any CPU
		{850A40E2-F1BE-471F-8FAD-1AF669F77412}.Release|iPhoneSimulator.Deploy.0 = Release|Any CPU
		{850A40E2-F1BE-471F-8FAD-1AF669F77412}.Release|x64.ActiveCfg = Release|Any CPU
		{850A40E2-F1BE-471F-8FAD-1AF669F77412}.Release|x64.Build.0 = Release|Any CPU
		{850A40E2-F1BE-471F-8FAD-1AF669F77412}.Release|x64.Deploy.0 = Release|Any CPU
		{850A40E2-F1BE-471F-8FAD-1AF669F77412}.Release|x86.ActiveCfg = Release|Any CPU
		{850A40E2-F1BE-471F-8FAD-1AF669F77412}.Release|x86.Build.0 = Release|Any CPU
		{850A40E2-F1BE-471F-8FAD-1AF669F77412}.Release|x86.Deploy.0 = Release|Any CPU

		{A5B8155A-118F-4794-B551-C6F3CF7E5411}.Debug|Any CPU.ActiveCfg = Debug|Any CPU
		{A5B8155A-118F-4794-B551-C6F3CF7E5411}.Debug|Any CPU.Build.0 = Debug|Any CPU
		{A5B8155A-118F-4794-B551-C6F3CF7E5411}.Debug|ARM.ActiveCfg = Debug|Any CPU
		{A5B8155A-118F-4794-B551-C6F3CF7E5411}.Debug|ARM.Build.0 = Debug|Any CPU
		{A5B8155A-118F-4794-B551-C6F3CF7E5411}.Debug|ARM64.ActiveCfg = Debug|Any CPU
		{A5B8155A-118F-4794-B551-C6F3CF7E5411}.Debug|ARM64.Build.0 = Debug|Any CPU
		{A5B8155A-118F-4794-B551-C6F3CF7E5411}.Debug|iPhone.ActiveCfg = Debug|Any CPU
		{A5B8155A-118F-4794-B551-C6F3CF7E5411}.Debug|iPhone.Build.0 = Debug|Any CPU
		{A5B8155A-118F-4794-B551-C6F3CF7E5411}.Debug|iPhoneSimulator.ActiveCfg = Debug|Any CPU
		{A5B8155A-118F-4794-B551-C6F3CF7E5411}.Debug|iPhoneSimulator.Build.0 = Debug|Any CPU
		{A5B8155A-118F-4794-B551-C6F3CF7E5411}.Debug|x64.ActiveCfg = Debug|Any CPU
		{A5B8155A-118F-4794-B551-C6F3CF7E5411}.Debug|x64.Build.0 = Debug|Any CPU
		{A5B8155A-118F-4794-B551-C6F3CF7E5411}.Debug|x86.ActiveCfg = Debug|Any CPU
		{A5B8155A-118F-4794-B551-C6F3CF7E5411}.Debug|x86.Build.0 = Debug|Any CPU
		{A5B8155A-118F-4794-B551-C6F3CF7E5411}.Release|Any CPU.ActiveCfg = Release|Any CPU
		{A5B8155A-118F-4794-B551-C6F3CF7E5411}.Release|Any CPU.Build.0 = Release|Any CPU
		{A5B8155A-118F-4794-B551-C6F3CF7E5411}.Release|ARM.ActiveCfg = Release|Any CPU
		{A5B8155A-118F-4794-B551-C6F3CF7E5411}.Release|ARM.Build.0 = Release|Any CPU
		{A5B8155A-118F-4794-B551-C6F3CF7E5411}.Release|ARM64.ActiveCfg = Release|Any CPU
		{A5B8155A-118F-4794-B551-C6F3CF7E5411}.Release|ARM64.Build.0 = Release|Any CPU
		{A5B8155A-118F-4794-B551-C6F3CF7E5411}.Release|iPhone.ActiveCfg = Release|Any CPU
		{A5B8155A-118F-4794-B551-C6F3CF7E5411}.Release|iPhone.Build.0 = Release|Any CPU
		{A5B8155A-118F-4794-B551-C6F3CF7E5411}.Release|iPhoneSimulator.ActiveCfg = Release|Any CPU
		{A5B8155A-118F-4794-B551-C6F3CF7E5411}.Release|iPhoneSimulator.Build.0 = Release|Any CPU
		{A5B8155A-118F-4794-B551-C6F3CF7E5411}.Release|x64.ActiveCfg = Release|Any CPU
		{A5B8155A-118F-4794-B551-C6F3CF7E5411}.Release|x64.Build.0 = Release|Any CPU
		{A5B8155A-118F-4794-B551-C6F3CF7E5411}.Release|x86.ActiveCfg = Release|Any CPU
		{A5B8155A-118F-4794-B551-C6F3CF7E5411}.Release|x86.Build.0 = Release|Any CPU


		{761D821E-9905-4444-9ADF-76C995FE5427}.Debug|Any CPU.ActiveCfg = Debug|Any CPU
		{761D821E-9905-4444-9ADF-76C995FE5427}.Debug|Any CPU.Build.0 = Debug|Any CPU
		{761D821E-9905-4444-9ADF-76C995FE5427}.Debug|ARM.ActiveCfg = Debug|Any CPU
		{761D821E-9905-4444-9ADF-76C995FE5427}.Debug|ARM.Build.0 = Debug|Any CPU
		{761D821E-9905-4444-9ADF-76C995FE5427}.Debug|ARM64.ActiveCfg = Debug|Any CPU
		{761D821E-9905-4444-9ADF-76C995FE5427}.Debug|ARM64.Build.0 = Debug|Any CPU
		{761D821E-9905-4444-9ADF-76C995FE5427}.Debug|iPhone.ActiveCfg = Debug|Any CPU
		{761D821E-9905-4444-9ADF-76C995FE5427}.Debug|iPhone.Build.0 = Debug|Any CPU
		{761D821E-9905-4444-9ADF-76C995FE5427}.Debug|iPhoneSimulator.ActiveCfg = Debug|Any CPU
		{761D821E-9905-4444-9ADF-76C995FE5427}.Debug|iPhoneSimulator.Build.0 = Debug|Any CPU
		{761D821E-9905-4444-9ADF-76C995FE5427}.Debug|x64.ActiveCfg = Debug|Any CPU
		{761D821E-9905-4444-9ADF-76C995FE5427}.Debug|x64.Build.0 = Debug|Any CPU
		{761D821E-9905-4444-9ADF-76C995FE5427}.Debug|x86.ActiveCfg = Debug|Any CPU
		{761D821E-9905-4444-9ADF-76C995FE5427}.Debug|x86.Build.0 = Debug|Any CPU
		{761D821E-9905-4444-9ADF-76C995FE5427}.Release|Any CPU.ActiveCfg = Release|Any CPU
		{761D821E-9905-4444-9ADF-76C995FE5427}.Release|Any CPU.Build.0 = Release|Any CPU
		{761D821E-9905-4444-9ADF-76C995FE5427}.Release|ARM.ActiveCfg = Release|Any CPU
		{761D821E-9905-4444-9ADF-76C995FE5427}.Release|ARM.Build.0 = Release|Any CPU
		{761D821E-9905-4444-9ADF-76C995FE5427}.Release|ARM64.ActiveCfg = Release|Any CPU
		{761D821E-9905-4444-9ADF-76C995FE5427}.Release|ARM64.Build.0 = Release|Any CPU
		{761D821E-9905-4444-9ADF-76C995FE5427}.Release|iPhone.ActiveCfg = Release|Any CPU
		{761D821E-9905-4444-9ADF-76C995FE5427}.Release|iPhone.Build.0 = Release|Any CPU
		{761D821E-9905-4444-9ADF-76C995FE5427}.Release|iPhoneSimulator.ActiveCfg = Release|Any CPU
		{761D821E-9905-4444-9ADF-76C995FE5427}.Release|iPhoneSimulator.Build.0 = Release|Any CPU
		{761D821E-9905-4444-9ADF-76C995FE5427}.Release|x64.ActiveCfg = Release|Any CPU
		{761D821E-9905-4444-9ADF-76C995FE5427}.Release|x64.Build.0 = Release|Any CPU
		{761D821E-9905-4444-9ADF-76C995FE5427}.Release|x86.ActiveCfg = Release|Any CPU
		{761D821E-9905-4444-9ADF-76C995FE5427}.Release|x86.Build.0 = Release|Any CPU

		{40EA03F7-8A22-4143-B251-79BAC3EB13D2}.Debug|Any CPU.ActiveCfg = Debug|Any CPU
		{40EA03F7-8A22-4143-B251-79BAC3EB13D2}.Debug|Any CPU.Build.0 = Debug|Any CPU
		{40EA03F7-8A22-4143-B251-79BAC3EB13D2}.Debug|ARM.ActiveCfg = Debug|Any CPU
		{40EA03F7-8A22-4143-B251-79BAC3EB13D2}.Debug|ARM.Build.0 = Debug|Any CPU
		{40EA03F7-8A22-4143-B251-79BAC3EB13D2}.Debug|ARM64.ActiveCfg = Debug|Any CPU
		{40EA03F7-8A22-4143-B251-79BAC3EB13D2}.Debug|ARM64.Build.0 = Debug|Any CPU
		{40EA03F7-8A22-4143-B251-79BAC3EB13D2}.Debug|iPhone.ActiveCfg = Debug|Any CPU
		{40EA03F7-8A22-4143-B251-79BAC3EB13D2}.Debug|iPhone.Build.0 = Debug|Any CPU
		{40EA03F7-8A22-4143-B251-79BAC3EB13D2}.Debug|iPhoneSimulator.ActiveCfg = Debug|Any CPU
		{40EA03F7-8A22-4143-B251-79BAC3EB13D2}.Debug|iPhoneSimulator.Build.0 = Debug|Any CPU
		{40EA03F7-8A22-4143-B251-79BAC3EB13D2}.Debug|x64.ActiveCfg = Debug|Any CPU
		{40EA03F7-8A22-4143-B251-79BAC3EB13D2}.Debug|x64.Build.0 = Debug|Any CPU
		{40EA03F7-8A22-4143-B251-79BAC3EB13D2}.Debug|x86.ActiveCfg = Debug|Any CPU
		{40EA03F7-8A22-4143-B251-79BAC3EB13D2}.Debug|x86.Build.0 = Debug|Any CPU
		{40EA03F7-8A22-4143-B251-79BAC3EB13D2}.Release|Any CPU.ActiveCfg = Release|Any CPU
		{40EA03F7-8A22-4143-B251-79BAC3EB13D2}.Release|Any CPU.Build.0 = Release|Any CPU
		{40EA03F7-8A22-4143-B251-79BAC3EB13D2}.Release|ARM.ActiveCfg = Release|Any CPU
		{40EA03F7-8A22-4143-B251-79BAC3EB13D2}.Release|ARM.Build.0 = Release|Any CPU
		{40EA03F7-8A22-4143-B251-79BAC3EB13D2}.Release|ARM64.ActiveCfg = Release|Any CPU
		{40EA03F7-8A22-4143-B251-79BAC3EB13D2}.Release|ARM64.Build.0 = Release|Any CPU
		{40EA03F7-8A22-4143-B251-79BAC3EB13D2}.Release|iPhone.ActiveCfg = Release|Any CPU
		{40EA03F7-8A22-4143-B251-79BAC3EB13D2}.Release|iPhone.Build.0 = Release|Any CPU
		{40EA03F7-8A22-4143-B251-79BAC3EB13D2}.Release|iPhoneSimulator.ActiveCfg = Release|Any CPU
		{40EA03F7-8A22-4143-B251-79BAC3EB13D2}.Release|iPhoneSimulator.Build.0 = Release|Any CPU
		{40EA03F7-8A22-4143-B251-79BAC3EB13D2}.Release|x64.ActiveCfg = Release|Any CPU
		{40EA03F7-8A22-4143-B251-79BAC3EB13D2}.Release|x64.Build.0 = Release|Any CPU
		{40EA03F7-8A22-4143-B251-79BAC3EB13D2}.Release|x86.ActiveCfg = Release|Any CPU
		{40EA03F7-8A22-4143-B251-79BAC3EB13D2}.Release|x86.Build.0 = Release|Any CPU
		{A408344E-EB47-47E7-ACBE-02C35017BFEB}.Debug|Any CPU.ActiveCfg = Debug|iPhoneSimulator
		{A408344E-EB47-47E7-ACBE-02C35017BFEB}.Debug|Any CPU.Build.0 = Debug|iPhoneSimulator
		{A408344E-EB47-47E7-ACBE-02C35017BFEB}.Debug|ARM.ActiveCfg = Debug|iPhoneSimulator
		{A408344E-EB47-47E7-ACBE-02C35017BFEB}.Debug|ARM64.ActiveCfg = Debug|iPhoneSimulator
		{A408344E-EB47-47E7-ACBE-02C35017BFEB}.Debug|iPhone.ActiveCfg = Debug|iPhoneSimulator
		{A408344E-EB47-47E7-ACBE-02C35017BFEB}.Debug|iPhone.Build.0 = Debug|iPhoneSimulator
		{A408344E-EB47-47E7-ACBE-02C35017BFEB}.Debug|iPhoneSimulator.ActiveCfg = Debug|iPhoneSimulator
		{A408344E-EB47-47E7-ACBE-02C35017BFEB}.Debug|iPhoneSimulator.Build.0 = Debug|iPhoneSimulator
		{A408344E-EB47-47E7-ACBE-02C35017BFEB}.Debug|x64.ActiveCfg = Debug|iPhoneSimulator
		{A408344E-EB47-47E7-ACBE-02C35017BFEB}.Debug|x64.Build.0 = Debug|iPhoneSimulator
		{A408344E-EB47-47E7-ACBE-02C35017BFEB}.Debug|x86.ActiveCfg = Debug|iPhoneSimulator
		{A408344E-EB47-47E7-ACBE-02C35017BFEB}.Debug|x86.Build.0 = Debug|iPhoneSimulator
		{A408344E-EB47-47E7-ACBE-02C35017BFEB}.Release|Any CPU.ActiveCfg = Release|iPhoneSimulator
		{A408344E-EB47-47E7-ACBE-02C35017BFEB}.Release|ARM.ActiveCfg = Release|iPhoneSimulator
		{A408344E-EB47-47E7-ACBE-02C35017BFEB}.Release|ARM64.ActiveCfg = Release|iPhoneSimulator
		{A408344E-EB47-47E7-ACBE-02C35017BFEB}.Release|iPhone.ActiveCfg = Release|iPhoneSimulator
		{A408344E-EB47-47E7-ACBE-02C35017BFEB}.Release|iPhone.Build.0 = Release|iPhoneSimulator
		{A408344E-EB47-47E7-ACBE-02C35017BFEB}.Release|iPhoneSimulator.ActiveCfg = Release|iPhoneSimulator
		{A408344E-EB47-47E7-ACBE-02C35017BFEB}.Release|iPhoneSimulator.Build.0 = Release|iPhoneSimulator
		{A408344E-EB47-47E7-ACBE-02C35017BFEB}.Release|x64.ActiveCfg = Release|iPhoneSimulator
		{A408344E-EB47-47E7-ACBE-02C35017BFEB}.Release|x64.Build.0 = Release|iPhoneSimulator
		{A408344E-EB47-47E7-ACBE-02C35017BFEB}.Release|x86.ActiveCfg = Release|iPhoneSimulator
		{A408344E-EB47-47E7-ACBE-02C35017BFEB}.Release|x86.Build.0 = Release|iPhoneSimulator
	EndGlobalSection
	GlobalSection(SolutionProperties) = preSolution
		HideSolutionNode = FALSE
	EndGlobalSection
	GlobalSection(ExtensibilityGlobals) = postSolution
		SolutionGuid = {C7433AE2-B1A0-4C1A-887E-5CAA7AAF67A6}
	EndGlobalSection
EndGlobal
